
Microsoft Visual Studio Solution File, Format Version 12.00
# Visual Studio Version 17
VisualStudioVersion = 17.7.34024.191
MinimumVisualStudioVersion = 10.0.40219.1
Project("{8BC9CEB8-8B4A-11D0-8D11-00A0C91BC942}") = "Assignment 5", "Assignment 5.vcxproj", "{8ADD6242-6F3D-4F7C-BB6C-76E432E3C4EE}"
EndProject
Global
	GlobalSection(SolutionConfigurationPlatforms) = preSolution
		Debug|x64 = Debug|x64
		Debug|x86 = Debug|x86
		Release|x64 = Release|x64
		Release|x86 = Release|x86
	EndGlobalSection
	GlobalSection(ProjectConfigurationPlatforms) = postSolution
		{8ADD6242-6F3D-4F7C-BB6C-76E432E3C4EE}.Debug|x64.ActiveCfg = Debug|x64
		{8ADD6242-6F3D-4F7C-BB6C-76E432E3C4EE}.Debug|x64.Build.0 = Debug|x64
		{8ADD6242-6F3D-4F7C-BB6C-76E432E3C4EE}.Debug|x86.ActiveCfg = Debug|Win32
		{8ADD6242-6F3D-4F7C-BB6C-76E432E3C4EE}.Debug|x86.Build.0 = Debug|Win32
		{8ADD6242-6F3D-4F7C-BB6C-76E432E3C4EE}.Release|x64.ActiveCfg = Release|x64
		{8ADD6242-6F3D-4F7C-BB6C-76E432E3C4EE}.Release|x64.Build.0 = Release|x64
		{8ADD6242-6F3D-4F7C-BB6C-76E432E3C4EE}.Release|x86.ActiveCfg = Release|Win32
		{8ADD6242-6F3D-4F7C-BB6C-76E432E3C4EE}.Release|x86.Build.0 = Release|Win32
	EndGlobalSection
	GlobalSection(SolutionProperties) = preSolution
		HideSolutionNode = FALSE
	EndGlobalSection
	GlobalSection(ExtensibilityGlobals) = postSolution
		SolutionGuid = {7B215252-AEDD-4A80-921F-76D0EA1ADF82}
	EndGlobalSection
EndGlobal
